
Microsoft Visual Studio Solution File, Format Version 12.00
# Visual Studio Version 16
VisualStudioVersion = 16.0.31729.503
MinimumVisualStudioVersion = 10.0.40219.1
Project("{FAE04EC0-301F-11D3-BF4B-00C04F79EFBC}") = "MoodAnalyzerProject", "MoodAnalyzerProject\MoodAnalyzerProject.csproj", "{8D3E814C-607C-429E-843D-A4036C221853}"
EndProject
Project("{FAE04EC0-301F-11D3-BF4B-00C04F79EFBC}") = "TestMood", "TestMood\TestMood.csproj", "{09F4E719-DC1D-4909-B498-F6B40CFD1401}"
EndProject
Global
	GlobalSection(SolutionConfigurationPlatforms) = preSolution
		Debug|Any CPU = Debug|Any CPU
		Release|Any CPU = Release|Any CPU
	EndGlobalSection
	GlobalSection(ProjectConfigurationPlatforms) = postSolution
		{8D3E814C-607C-429E-843D-A4036C221853}.Debug|Any CPU.ActiveCfg = Debug|Any CPU
		{8D3E814C-607C-429E-843D-A4036C221853}.Debug|Any CPU.Build.0 = Debug|Any CPU
		{8D3E814C-607C-429E-843D-A4036C221853}.Release|Any CPU.ActiveCfg = Release|Any CPU
		{8D3E814C-607C-429E-843D-A4036C221853}.Release|Any CPU.Build.0 = Release|Any CPU
		{09F4E719-DC1D-4909-B498-F6B40CFD1401}.Debug|Any CPU.ActiveCfg = Debug|Any CPU
		{09F4E719-DC1D-4909-B498-F6B40CFD1401}.Debug|Any CPU.Build.0 = Debug|Any CPU
		{09F4E719-DC1D-4909-B498-F6B40CFD1401}.Release|Any CPU.ActiveCfg = Release|Any CPU
		{09F4E719-DC1D-4909-B498-F6B40CFD1401}.Release|Any CPU.Build.0 = Release|Any CPU
	EndGlobalSection
	GlobalSection(SolutionProperties) = preSolution
		HideSolutionNode = FALSE
	EndGlobalSection
	GlobalSection(ExtensibilityGlobals) = postSolution
		SolutionGuid = {902A1CE4-DD88-4A8A-97B8-16B9E7887D32}
	EndGlobalSection
EndGlobal
