
Microsoft Visual Studio Solution File, Format Version 12.00
# Visual Studio Version 16
VisualStudioVersion = 16.0.31729.503
MinimumVisualStudioVersion = 10.0.40219.1
Project("{FAE04EC0-301F-11D3-BF4B-00C04F79EFBC}") = "MoodAnalyserProject", "MoodAnalyserProject.csproj", "{586BD83F-E895-466A-8F50-8E23EC68F91E}"
EndProject
Project("{FAE04EC0-301F-11D3-BF4B-00C04F79EFBC}") = "TestMoodAnalyzer", "..\TestMoodAnalyzer\TestMoodAnalyzer.csproj", "{BCA546F1-E486-499E-96A5-55F284F83E6B}"
EndProject
Global
	GlobalSection(SolutionConfigurationPlatforms) = preSolution
		Debug|Any CPU = Debug|Any CPU
		Release|Any CPU = Release|Any CPU
	EndGlobalSection
	GlobalSection(ProjectConfigurationPlatforms) = postSolution
		{586BD83F-E895-466A-8F50-8E23EC68F91E}.Debug|Any CPU.ActiveCfg = Debug|Any CPU
		{586BD83F-E895-466A-8F50-8E23EC68F91E}.Debug|Any CPU.Build.0 = Debug|Any CPU
		{586BD83F-E895-466A-8F50-8E23EC68F91E}.Release|Any CPU.ActiveCfg = Release|Any CPU
		{586BD83F-E895-466A-8F50-8E23EC68F91E}.Release|Any CPU.Build.0 = Release|Any CPU
		{BCA546F1-E486-499E-96A5-55F284F83E6B}.Debug|Any CPU.ActiveCfg = Debug|Any CPU
		{BCA546F1-E486-499E-96A5-55F284F83E6B}.Debug|Any CPU.Build.0 = Debug|Any CPU
		{BCA546F1-E486-499E-96A5-55F284F83E6B}.Release|Any CPU.ActiveCfg = Release|Any CPU
		{BCA546F1-E486-499E-96A5-55F284F83E6B}.Release|Any CPU.Build.0 = Release|Any CPU
	EndGlobalSection
	GlobalSection(SolutionProperties) = preSolution
		HideSolutionNode = FALSE
	EndGlobalSection
	GlobalSection(ExtensibilityGlobals) = postSolution
		SolutionGuid = {902A1CE4-DD88-4A8A-97B8-16B9E7887D32}
	EndGlobalSection
EndGlobal
